
Microsoft Visual Studio Solution File, Format Version 12.00
# Visual Studio Version 17
VisualStudioVersion = 17.11.35312.102
MinimumVisualStudioVersion = 10.0.40219.1
Project("{FAE04EC0-301F-11D3-BF4B-00C04F79EFBC}") = "launcher", "launcher\launcher.csproj", "{4E9A0BF6-3D34-4883-803C-97DCC76B3498}"
EndProject
Project("{FAE04EC0-301F-11D3-BF4B-00C04F79EFBC}") = "SelfUpdater", "SelfUpdater\SelfUpdater.csproj", "{6C563C1B-EA73-4009-BECE-22ABC60AF432}"
EndProject
Global
	GlobalSection(SolutionConfigurationPlatforms) = preSolution
		Debug|Any CPU = Debug|Any CPU
		Release|Any CPU = Release|Any CPU
	EndGlobalSection
	GlobalSection(ProjectConfigurationPlatforms) = postSolution
		{4E9A0BF6-3D34-4883-803C-97DCC76B3498}.Debug|Any CPU.ActiveCfg = Debug|Any CPU
		{4E9A0BF6-3D34-4883-803C-97DCC76B3498}.Debug|Any CPU.Build.0 = Debug|Any CPU
		{4E9A0BF6-3D34-4883-803C-97DCC76B3498}.Release|Any CPU.ActiveCfg = Release|Any CPU
		{4E9A0BF6-3D34-4883-803C-97DCC76B3498}.Release|Any CPU.Build.0 = Release|Any CPU
		{6C563C1B-EA73-4009-BECE-22ABC60AF432}.Debug|Any CPU.ActiveCfg = Debug|Any CPU
		{6C563C1B-EA73-4009-BECE-22ABC60AF432}.Debug|Any CPU.Build.0 = Debug|Any CPU
		{6C563C1B-EA73-4009-BECE-22ABC60AF432}.Release|Any CPU.ActiveCfg = Release|Any CPU
		{6C563C1B-EA73-4009-BECE-22ABC60AF432}.Release|Any CPU.Build.0 = Release|Any CPU
	EndGlobalSection
	GlobalSection(SolutionProperties) = preSolution
		HideSolutionNode = FALSE
	EndGlobalSection
	GlobalSection(ExtensibilityGlobals) = postSolution
		SolutionGuid = {D2771EE6-0313-4470-9E85-5AF3214D2B6E}
	EndGlobalSection
EndGlobal
