Microsoft Visual Studio Solution File, Format Version 12.00
# Visual Studio Version 17
VisualStudioVersion = 17.5.2.0
MinimumVisualStudioVersion = 10.0.40219.1
Project("{FAE04EC0-301F-11D3-BF4B-00C04F79EFBC}") = "launcher", "launcher.csproj", "{855C0122-463B-9695-1E4E-5A80C6A880FF}"
EndProject
Global
	GlobalSection(SolutionConfigurationPlatforms) = preSolution
		Debug|Any CPU = Debug|Any CPU
		Release|Any CPU = Release|Any CPU
	EndGlobalSection
	GlobalSection(ProjectConfigurationPlatforms) = postSolution
		{855C0122-463B-9695-1E4E-5A80C6A880FF}.Debug|Any CPU.ActiveCfg = Debug|Any CPU
		{855C0122-463B-9695-1E4E-5A80C6A880FF}.Debug|Any CPU.Build.0 = Debug|Any CPU
		{855C0122-463B-9695-1E4E-5A80C6A880FF}.Release|Any CPU.ActiveCfg = Release|Any CPU
		{855C0122-463B-9695-1E4E-5A80C6A880FF}.Release|Any CPU.Build.0 = Release|Any CPU
	EndGlobalSection
	GlobalSection(SolutionProperties) = preSolution
		HideSolutionNode = FALSE
	EndGlobalSection
	GlobalSection(ExtensibilityGlobals) = postSolution
		SolutionGuid = {8AE619E9-8A55-4ADF-8007-DA8DFD237CE9}
	EndGlobalSection
EndGlobal
